
Microsoft Visual Studio Solution File, Format Version 12.00
# Visual Studio Version 16
VisualStudioVersion = 16.0.31727.386
MinimumVisualStudioVersion = 10.0.40219.1
Project("{9A19103F-16F7-4668-BE54-9A1E7A4F7556}") = "UNAProject.Core", "UNAProject\src\UNAProject.Core\UNAProject.Core.csproj", "{7253AF74-85C0-448D-B606-FC038BAD456B}"
EndProject
Project("{9A19103F-16F7-4668-BE54-9A1E7A4F7556}") = "UNAProject.Infrastructure", "UNAProject\src\UNAProject.Infrastructure\UNAProject.Infrastructure.csproj", "{010FD82A-227F-4EB1-B393-1911A1EA8539}"
EndProject
Project("{9A19103F-16F7-4668-BE54-9A1E7A4F7556}") = "UNAProject.SharedKernel", "UNAProject\src\UNAProject.SharedKernel\UNAProject.SharedKernel.csproj", "{9D286162-9194-4805-8437-5B5FFDDFBD59}"
EndProject
Project("{9A19103F-16F7-4668-BE54-9A1E7A4F7556}") = "UNAProject.Web", "UNAProject\src\UNAProject.Web\UNAProject.Web.csproj", "{95B756D6-180F-4733-BEC8-10D1BD463393}"
EndProject
Project("{9A19103F-16F7-4668-BE54-9A1E7A4F7556}") = "UNAProject.UnitTests", "UNAProject\tests\UNAProject.UnitTests\UNAProject.UnitTests.csproj", "{108D2C77-5D4D-4C53-B848-1DA3567DE149}"
EndProject
Project("{9A19103F-16F7-4668-BE54-9A1E7A4F7556}") = "UNAProject.IntegrationTests", "UNAProject\tests\UNAProject.IntegrationTests\UNAProject.IntegrationTests.csproj", "{DDD31EBE-D340-4BEC-9F10-9B3E8F30C16F}"
EndProject
Project("{9A19103F-16F7-4668-BE54-9A1E7A4F7556}") = "UNAProject.FunctionalTests", "UNAProject\tests\UNAProject.FunctionalTests\UNAProject.FunctionalTests.csproj", "{AF7A49FB-B9B3-4E32-8A19-60FA7A430150}"
EndProject
Project("{2150E333-8FDC-42A3-9474-1A3956D46DE8}") = "src", "src", "{57D4345D-6413-4929-B511-9B617022B940}"
EndProject
Project("{2150E333-8FDC-42A3-9474-1A3956D46DE8}") = "tests", "tests", "{9B31FF62-F5CE-4F55-9C75-C955A27DFC85}"
EndProject
Project("{2150E333-8FDC-42A3-9474-1A3956D46DE8}") = "Solution Items", "Solution Items", "{C17C100B-7F44-4958-B323-FE2A18D9A249}"
	ProjectSection(SolutionItems) = preProject
		README.md = README.md
	EndProjectSection
EndProject
Global
	GlobalSection(SolutionConfigurationPlatforms) = preSolution
		Debug|Any CPU = Debug|Any CPU
		Release|Any CPU = Release|Any CPU
	EndGlobalSection
	GlobalSection(ProjectConfigurationPlatforms) = postSolution
		{7253AF74-85C0-448D-B606-FC038BAD456B}.Debug|Any CPU.ActiveCfg = Debug|Any CPU
		{7253AF74-85C0-448D-B606-FC038BAD456B}.Debug|Any CPU.Build.0 = Debug|Any CPU
		{7253AF74-85C0-448D-B606-FC038BAD456B}.Release|Any CPU.ActiveCfg = Release|Any CPU
		{7253AF74-85C0-448D-B606-FC038BAD456B}.Release|Any CPU.Build.0 = Release|Any CPU
		{010FD82A-227F-4EB1-B393-1911A1EA8539}.Debug|Any CPU.ActiveCfg = Debug|Any CPU
		{010FD82A-227F-4EB1-B393-1911A1EA8539}.Debug|Any CPU.Build.0 = Debug|Any CPU
		{010FD82A-227F-4EB1-B393-1911A1EA8539}.Release|Any CPU.ActiveCfg = Release|Any CPU
		{010FD82A-227F-4EB1-B393-1911A1EA8539}.Release|Any CPU.Build.0 = Release|Any CPU
		{9D286162-9194-4805-8437-5B5FFDDFBD59}.Debug|Any CPU.ActiveCfg = Debug|Any CPU
		{9D286162-9194-4805-8437-5B5FFDDFBD59}.Debug|Any CPU.Build.0 = Debug|Any CPU
		{9D286162-9194-4805-8437-5B5FFDDFBD59}.Release|Any CPU.ActiveCfg = Release|Any CPU
		{9D286162-9194-4805-8437-5B5FFDDFBD59}.Release|Any CPU.Build.0 = Release|Any CPU
		{95B756D6-180F-4733-BEC8-10D1BD463393}.Debug|Any CPU.ActiveCfg = Debug|Any CPU
		{95B756D6-180F-4733-BEC8-10D1BD463393}.Debug|Any CPU.Build.0 = Debug|Any CPU
		{95B756D6-180F-4733-BEC8-10D1BD463393}.Release|Any CPU.ActiveCfg = Release|Any CPU
		{95B756D6-180F-4733-BEC8-10D1BD463393}.Release|Any CPU.Build.0 = Release|Any CPU
		{108D2C77-5D4D-4C53-B848-1DA3567DE149}.Debug|Any CPU.ActiveCfg = Debug|Any CPU
		{108D2C77-5D4D-4C53-B848-1DA3567DE149}.Debug|Any CPU.Build.0 = Debug|Any CPU
		{108D2C77-5D4D-4C53-B848-1DA3567DE149}.Release|Any CPU.ActiveCfg = Release|Any CPU
		{108D2C77-5D4D-4C53-B848-1DA3567DE149}.Release|Any CPU.Build.0 = Release|Any CPU
		{DDD31EBE-D340-4BEC-9F10-9B3E8F30C16F}.Debug|Any CPU.ActiveCfg = Debug|Any CPU
		{DDD31EBE-D340-4BEC-9F10-9B3E8F30C16F}.Debug|Any CPU.Build.0 = Debug|Any CPU
		{DDD31EBE-D340-4BEC-9F10-9B3E8F30C16F}.Release|Any CPU.ActiveCfg = Release|Any CPU
		{DDD31EBE-D340-4BEC-9F10-9B3E8F30C16F}.Release|Any CPU.Build.0 = Release|Any CPU
		{AF7A49FB-B9B3-4E32-8A19-60FA7A430150}.Debug|Any CPU.ActiveCfg = Debug|Any CPU
		{AF7A49FB-B9B3-4E32-8A19-60FA7A430150}.Debug|Any CPU.Build.0 = Debug|Any CPU
		{AF7A49FB-B9B3-4E32-8A19-60FA7A430150}.Release|Any CPU.ActiveCfg = Release|Any CPU
		{AF7A49FB-B9B3-4E32-8A19-60FA7A430150}.Release|Any CPU.Build.0 = Release|Any CPU
	EndGlobalSection
	GlobalSection(SolutionProperties) = preSolution
		HideSolutionNode = FALSE
	EndGlobalSection
	GlobalSection(NestedProjects) = preSolution
		{7253AF74-85C0-448D-B606-FC038BAD456B} = {57D4345D-6413-4929-B511-9B617022B940}
		{010FD82A-227F-4EB1-B393-1911A1EA8539} = {57D4345D-6413-4929-B511-9B617022B940}
		{9D286162-9194-4805-8437-5B5FFDDFBD59} = {57D4345D-6413-4929-B511-9B617022B940}
		{95B756D6-180F-4733-BEC8-10D1BD463393} = {57D4345D-6413-4929-B511-9B617022B940}
		{108D2C77-5D4D-4C53-B848-1DA3567DE149} = {9B31FF62-F5CE-4F55-9C75-C955A27DFC85}
		{DDD31EBE-D340-4BEC-9F10-9B3E8F30C16F} = {9B31FF62-F5CE-4F55-9C75-C955A27DFC85}
		{AF7A49FB-B9B3-4E32-8A19-60FA7A430150} = {9B31FF62-F5CE-4F55-9C75-C955A27DFC85}
	EndGlobalSection
	GlobalSection(ExtensibilityGlobals) = postSolution
		SolutionGuid = {93FC4B87-620C-4D06-9DEB-94B190484CC7}
	EndGlobalSection
EndGlobal
